
Microsoft Visual Studio Solution File, Format Version 12.00
# Visual Studio Version 18
VisualStudioVersion = 18.7.11919.86 stable
MinimumVisualStudioVersion = 10.0.40219.1
Project("{FAE04EC0-301F-11D3-BF4B-00C04F79EFBC}") = "NSubstitute.Concrete", "NSubstitute.Concrete\NSubstitute.Concrete.csproj", "{8A4BFDBC-FC27-4E79-9A6B-3C72554A0BF9}"
EndProject
Project("{FAE04EC0-301F-11D3-BF4B-00C04F79EFBC}") = "NSubstitute.Concrete.Test", "NSubstitute.Concrete.Test\NSubstitute.Concrete.Test.csproj", "{5E75546D-EA8E-45A9-9396-BF5C0AB10157}"
EndProject
Project("{2150E333-8FDC-42A3-9474-1A3956D46DE8}") = "Solution Items", "Solution Items", "{6A747A8E-29E9-49FF-8AFD-E9745759CCB5}"
	ProjectSection(SolutionItems) = preProject
		.gitattributes = .gitattributes
		.gitignore = .gitignore
		Directory.Nuget.Props = Directory.Nuget.Props
		README.MD = README.MD
	EndProjectSection
EndProject
Global
	GlobalSection(SolutionConfigurationPlatforms) = preSolution
		Debug|Any CPU = Debug|Any CPU
		Release|Any CPU = Release|Any CPU
	EndGlobalSection
	GlobalSection(ProjectConfigurationPlatforms) = postSolution
		{8A4BFDBC-FC27-4E79-9A6B-3C72554A0BF9}.Debug|Any CPU.ActiveCfg = Debug|Any CPU
		{8A4BFDBC-FC27-4E79-9A6B-3C72554A0BF9}.Debug|Any CPU.Build.0 = Debug|Any CPU
		{8A4BFDBC-FC27-4E79-9A6B-3C72554A0BF9}.Release|Any CPU.ActiveCfg = Release|Any CPU
		{8A4BFDBC-FC27-4E79-9A6B-3C72554A0BF9}.Release|Any CPU.Build.0 = Release|Any CPU
		{5E75546D-EA8E-45A9-9396-BF5C0AB10157}.Debug|Any CPU.ActiveCfg = Debug|Any CPU
		{5E75546D-EA8E-45A9-9396-BF5C0AB10157}.Debug|Any CPU.Build.0 = Debug|Any CPU
		{5E75546D-EA8E-45A9-9396-BF5C0AB10157}.Release|Any CPU.ActiveCfg = Release|Any CPU
		{5E75546D-EA8E-45A9-9396-BF5C0AB10157}.Release|Any CPU.Build.0 = Release|Any CPU
	EndGlobalSection
	GlobalSection(SolutionProperties) = preSolution
		HideSolutionNode = FALSE
	EndGlobalSection
	GlobalSection(ExtensibilityGlobals) = postSolution
		SolutionGuid = {FFEE47E4-925C-45B0-A242-E3DBDE7DBC06}
	EndGlobalSection
EndGlobal
